// !$*UTF8*$!
{
	archiveVersion = 1;
	classes = {
	};
	objectVersion = 77;
	objects = {

/* Begin PBXBuildFile section */
		02585082CE2675C06212E4D4 /* Schedule.swift in Sources */ = {isa = PBXBuildFile; fileRef = 35E53AAACA31BB5DC25D1CF0 /* Schedule.swift */; };
		02D75B515B0DC59BFC210962 /* PowerPlanTests.swift in Sources */ = {isa = PBXBuildFile; fileRef = 8AB4451BECBC9C6B5A1ACD65 /* PowerPlanTests.swift */; };
		07A37E154EC2ED4FDB44DC4F /* CLIServer.swift in Sources */ = {isa = PBXBuildFile; fileRef = CEBAD3A0B21C72020D62F763 /* CLIServer.swift */; };
		0BFF4CA7B69D53DED6753E50 /* SettingsWindowController.swift in Sources */ = {isa = PBXBuildFile; fileRef = 6B4F5BF8E95151F467D3712E /* SettingsWindowController.swift */; };
		0C2E0C05B4831B2264F8B5E2 /* PowerPlan.swift in Sources */ = {isa = PBXBuildFile; fileRef = 52B107ADF252759044F85862 /* PowerPlan.swift */; };
		0C6D2E40FD3774E553CD64EE /* EnableUntilParserTests.swift in Sources */ = {isa = PBXBuildFile; fileRef = BB80D6ACE262FB656E3EAA1F /* EnableUntilParserTests.swift */; };
		0D02628B0E56F42A4CC5449D /* AppDelegate.swift in Sources */ = {isa = PBXBuildFile; fileRef = C0D64C68669D51B0771B3ED7 /* AppDelegate.swift */; };
		0E9E380E3F397862856A061C /* EnabledSessionTests.swift in Sources */ = {isa = PBXBuildFile; fileRef = D1E364CA57B87127B03F73B3 /* EnabledSessionTests.swift */; };
		13B8D8B9487FDED4FDCC90CF /* EnabledSession.swift in Sources */ = {isa = PBXBuildFile; fileRef = 49B6AF252A4920E06688E12E /* EnabledSession.swift */; };
		16D9F2AF0EFA90D4BBBC0BC8 /* DurationParser.swift in Sources */ = {isa = PBXBuildFile; fileRef = 101DFDFC005409DCEAB38237 /* DurationParser.swift */; };
		191FEA10E3AF0174315F9E1F /* IOKit.framework in Frameworks */ = {isa = PBXBuildFile; fileRef = 828A4A94A98F0E83E2A32AFB /* IOKit.framework */; };
		1C28E1D47D0596094CF5CB42 /* CLIModeArgument.swift in Sources */ = {isa = PBXBuildFile; fileRef = 65BFD50E3AD452324C560B64 /* CLIModeArgument.swift */; };
		2635E293BA42012B491F197F /* Settings.swift in Sources */ = {isa = PBXBuildFile; fileRef = 6BB805F4F5CADB7C94717775 /* Settings.swift */; };
		298F49DCB88450A41CDBBBA3 /* ScheduleSection.swift in Sources */ = {isa = PBXBuildFile; fileRef = 7BEE0255A89455D46C17602C /* ScheduleSection.swift */; };
		2CFF5CDC7244D2B0A86C773F /* CLIModeArgument.swift in Sources */ = {isa = PBXBuildFile; fileRef = 65BFD50E3AD452324C560B64 /* CLIModeArgument.swift */; };
		31E47E71A5824DB3EDE4EC94 /* DurationParserTests.swift in Sources */ = {isa = PBXBuildFile; fileRef = 0F37C3352B9066EF92F09EF7 /* DurationParserTests.swift */; };
		451D8C082372F597A8466966 /* EnableUntilParser.swift in Sources */ = {isa = PBXBuildFile; fileRef = E3DCD8A30059F7035F5B6614 /* EnableUntilParser.swift */; };
		4F7913B7864CC25A754CF524 /* ScheduleTests.swift in Sources */ = {isa = PBXBuildFile; fileRef = 57AAB14ADC1A97FD9C081E60 /* ScheduleTests.swift */; };
		5461AD8F95D4BAD886968441 /* DurationParser.swift in Sources */ = {isa = PBXBuildFile; fileRef = 101DFDFC005409DCEAB38237 /* DurationParser.swift */; };
		613BBE897A7DC5A945348914 /* SettingsViewController.swift in Sources */ = {isa = PBXBuildFile; fileRef = 342CAC1F8F8BFCF03E6A343A /* SettingsViewController.swift */; };
		6FF15F4C8BB56F357B07DF14 /* PowerPlan.swift in Sources */ = {isa = PBXBuildFile; fileRef = 52B107ADF252759044F85862 /* PowerPlan.swift */; };
		73EC5C007234E1032351CF2D /* EnabledSession.swift in Sources */ = {isa = PBXBuildFile; fileRef = 49B6AF252A4920E06688E12E /* EnabledSession.swift */; };
		757F9C9A478A00118C649EB1 /* PowerPlan.swift in Sources */ = {isa = PBXBuildFile; fileRef = 52B107ADF252759044F85862 /* PowerPlan.swift */; };
		87ED851E4215EE3E24CAC88D /* PowerAssertionController.swift in Sources */ = {isa = PBXBuildFile; fileRef = DFB9C1138E0818261130A6D0 /* PowerAssertionController.swift */; };
		921D3E4033EF085ECB1A9F2B /* DurationParser.swift in Sources */ = {isa = PBXBuildFile; fileRef = 101DFDFC005409DCEAB38237 /* DurationParser.swift */; };
		9D2385C1AD92535ECD95B9FC /* Assets.xcassets in Resources */ = {isa = PBXBuildFile; fileRef = B3EA11476323F08F82D96245 /* Assets.xcassets */; };
		B8FD3855B49C8E0651EC84A5 /* main.swift in Sources */ = {isa = PBXBuildFile; fileRef = FE0AD481EB0318A0BF907382 /* main.swift */; };
		BB43753BB6F2A8A75B3B8895 /* CLIModeArgument.swift in Sources */ = {isa = PBXBuildFile; fileRef = 65BFD50E3AD452324C560B64 /* CLIModeArgument.swift */; };
		D25A470DB3387661C8EA800D /* EnableUntilMenuItemView.swift in Sources */ = {isa = PBXBuildFile; fileRef = 4E44A496F755D00B2D18880C /* EnableUntilMenuItemView.swift */; };
		D9B953CBC87564BC63EFCD1A /* main.swift in Sources */ = {isa = PBXBuildFile; fileRef = C5A806F8615883C35702E707 /* main.swift */; };
		E3EC167D15A6C9C6A3AFDF2D /* EnableUntilParser.swift in Sources */ = {isa = PBXBuildFile; fileRef = E3DCD8A30059F7035F5B6614 /* EnableUntilParser.swift */; };
		E9A5DFAADBF573AB65C71B34 /* PowerAssertionControllerTests.swift in Sources */ = {isa = PBXBuildFile; fileRef = A1662C3C06BAE32D9424CE06 /* PowerAssertionControllerTests.swift */; };
		E9C562DFCD07F47A38B89E49 /* PowerAssertionController.swift in Sources */ = {isa = PBXBuildFile; fileRef = DFB9C1138E0818261130A6D0 /* PowerAssertionController.swift */; };
		EFF215E219197DF78BC4DA3F /* ApplicationServices.framework in Frameworks */ = {isa = PBXBuildFile; fileRef = 7D7704D5D0B9840EFE97894D /* ApplicationServices.framework */; };
		F47E1E1232344305561AED75 /* Schedule.swift in Sources */ = {isa = PBXBuildFile; fileRef = 35E53AAACA31BB5DC25D1CF0 /* Schedule.swift */; };
		F4E69B30ECF3A5F683E38010 /* CLIModeArgumentTests.swift in Sources */ = {isa = PBXBuildFile; fileRef = AC366A16608EFDF5BFB28D86 /* CLIModeArgumentTests.swift */; };
/* End PBXBuildFile section */

/* Begin PBXFileReference section */
		0B1863571A98CB33C46F5427 /* WakeyWakeyTests.xctest */ = {isa = PBXFileReference; explicitFileType = wrapper.cfbundle; includeInIndex = 0; path = WakeyWakeyTests.xctest; sourceTree = BUILT_PRODUCTS_DIR; };
		0F37C3352B9066EF92F09EF7 /* DurationParserTests.swift */ = {isa = PBXFileReference; lastKnownFileType = sourcecode.swift; path = DurationParserTests.swift; sourceTree = "<group>"; };
		101DFDFC005409DCEAB38237 /* DurationParser.swift */ = {isa = PBXFileReference; lastKnownFileType = sourcecode.swift; path = DurationParser.swift; sourceTree = "<group>"; };
		22A54044F37C4357AE4210DB /* WakeyWakey.app */ = {isa = PBXFileReference; explicitFileType = wrapper.application; includeInIndex = 0; path = WakeyWakey.app; sourceTree = BUILT_PRODUCTS_DIR; };
		342CAC1F8F8BFCF03E6A343A /* SettingsViewController.swift */ = {isa = PBXFileReference; lastKnownFileType = sourcecode.swift; path = SettingsViewController.swift; sourceTree = "<group>"; };
		35E53AAACA31BB5DC25D1CF0 /* Schedule.swift */ = {isa = PBXFileReference; lastKnownFileType = sourcecode.swift; path = Schedule.swift; sourceTree = "<group>"; };
		49B6AF252A4920E06688E12E /* EnabledSession.swift */ = {isa = PBXFileReference; lastKnownFileType = sourcecode.swift; path = EnabledSession.swift; sourceTree = "<group>"; };
		4E44A496F755D00B2D18880C /* EnableUntilMenuItemView.swift */ = {isa = PBXFileReference; lastKnownFileType = sourcecode.swift; path = EnableUntilMenuItemView.swift; sourceTree = "<group>"; };
		52B107ADF252759044F85862 /* PowerPlan.swift */ = {isa = PBXFileReference; lastKnownFileType = sourcecode.swift; path = PowerPlan.swift; sourceTree = "<group>"; };
		57AAB14ADC1A97FD9C081E60 /* ScheduleTests.swift */ = {isa = PBXFileReference; lastKnownFileType = sourcecode.swift; path = ScheduleTests.swift; sourceTree = "<group>"; };
		65BFD50E3AD452324C560B64 /* CLIModeArgument.swift */ = {isa = PBXFileReference; lastKnownFileType = sourcecode.swift; path = CLIModeArgument.swift; sourceTree = "<group>"; };
		6B4F5BF8E95151F467D3712E /* SettingsWindowController.swift */ = {isa = PBXFileReference; lastKnownFileType = sourcecode.swift; path = SettingsWindowController.swift; sourceTree = "<group>"; };
		6BB805F4F5CADB7C94717775 /* Settings.swift */ = {isa = PBXFileReference; lastKnownFileType = sourcecode.swift; path = Settings.swift; sourceTree = "<group>"; };
		7BEE0255A89455D46C17602C /* ScheduleSection.swift */ = {isa = PBXFileReference; lastKnownFileType = sourcecode.swift; path = ScheduleSection.swift; sourceTree = "<group>"; };
		7D7704D5D0B9840EFE97894D /* ApplicationServices.framework */ = {isa = PBXFileReference; lastKnownFileType = wrapper.framework; name = ApplicationServices.framework; path = System/Library/Frameworks/ApplicationServices.framework; sourceTree = SDKROOT; };
		828A4A94A98F0E83E2A32AFB /* IOKit.framework */ = {isa = PBXFileReference; lastKnownFileType = wrapper.framework; name = IOKit.framework; path = System/Library/Frameworks/IOKit.framework; sourceTree = SDKROOT; };
		8AB4451BECBC9C6B5A1ACD65 /* PowerPlanTests.swift */ = {isa = PBXFileReference; lastKnownFileType = sourcecode.swift; path = PowerPlanTests.swift; sourceTree = "<group>"; };
		A1662C3C06BAE32D9424CE06 /* PowerAssertionControllerTests.swift */ = {isa = PBXFileReference; lastKnownFileType = sourcecode.swift; path = PowerAssertionControllerTests.swift; sourceTree = "<group>"; };
		A91BE3AA8EC8CD6835C32F79 /* wakey */ = {isa = PBXFileReference; includeInIndex = 0; path = wakey; sourceTree = BUILT_PRODUCTS_DIR; };
		AC366A16608EFDF5BFB28D86 /* CLIModeArgumentTests.swift */ = {isa = PBXFileReference; lastKnownFileType = sourcecode.swift; path = CLIModeArgumentTests.swift; sourceTree = "<group>"; };
		B3EA11476323F08F82D96245 /* Assets.xcassets */ = {isa = PBXFileReference; lastKnownFileType = folder.assetcatalog; path = Assets.xcassets; sourceTree = "<group>"; };
		BB80D6ACE262FB656E3EAA1F /* EnableUntilParserTests.swift */ = {isa = PBXFileReference; lastKnownFileType = sourcecode.swift; path = EnableUntilParserTests.swift; sourceTree = "<group>"; };
		C0D64C68669D51B0771B3ED7 /* AppDelegate.swift */ = {isa = PBXFileReference; lastKnownFileType = sourcecode.swift; path = AppDelegate.swift; sourceTree = "<group>"; };
		C5A806F8615883C35702E707 /* main.swift */ = {isa = PBXFileReference; lastKnownFileType = sourcecode.swift; path = main.swift; sourceTree = "<group>"; };
		CC9D2243B8DACB27011CF4AF /* Info.plist */ = {isa = PBXFileReference; lastKnownFileType = text.plist; path = Info.plist; sourceTree = "<group>"; };
		CEBAD3A0B21C72020D62F763 /* CLIServer.swift */ = {isa = PBXFileReference; lastKnownFileType = sourcecode.swift; path = CLIServer.swift; sourceTree = "<group>"; };
		D1E364CA57B87127B03F73B3 /* EnabledSessionTests.swift */ = {isa = PBXFileReference; lastKnownFileType = sourcecode.swift; path = EnabledSessionTests.swift; sourceTree = "<group>"; };
		DFB9C1138E0818261130A6D0 /* PowerAssertionController.swift */ = {isa = PBXFileReference; lastKnownFileType = sourcecode.swift; path = PowerAssertionController.swift; sourceTree = "<group>"; };
		E3DCD8A30059F7035F5B6614 /* EnableUntilParser.swift */ = {isa = PBXFileReference; lastKnownFileType = sourcecode.swift; path = EnableUntilParser.swift; sourceTree = "<group>"; };
		FE0AD481EB0318A0BF907382 /* main.swift */ = {isa = PBXFileReference; lastKnownFileType = sourcecode.swift; path = main.swift; sourceTree = "<group>"; };
/* End PBXFileReference section */

/* Begin PBXFrameworksBuildPhase section */
		B7FA2FBCD72803697B2C2ABF /* Frameworks */ = {
			isa = PBXFrameworksBuildPhase;
			buildActionMask = 2147483647;
			files = (
				191FEA10E3AF0174315F9E1F /* IOKit.framework in Frameworks */,
				EFF215E219197DF78BC4DA3F /* ApplicationServices.framework in Frameworks */,
			);
			runOnlyForDeploymentPostprocessing = 0;
		};
/* End PBXFrameworksBuildPhase section */

/* Begin PBXGroup section */
		0FCC89E3BDE66358F8A02D61 /* Products */ = {
			isa = PBXGroup;
			children = (
				A91BE3AA8EC8CD6835C32F79 /* wakey */,
				22A54044F37C4357AE4210DB /* WakeyWakey.app */,
				0B1863571A98CB33C46F5427 /* WakeyWakeyTests.xctest */,
			);
			name = Products;
			sourceTree = "<group>";
		};
		17C2F78F9D1E1D76AAED9ACD /* Settings */ = {
			isa = PBXGroup;
			children = (
				7BEE0255A89455D46C17602C /* ScheduleSection.swift */,
				342CAC1F8F8BFCF03E6A343A /* SettingsViewController.swift */,
				6B4F5BF8E95151F467D3712E /* SettingsWindowController.swift */,
			);
			path = Settings;
			sourceTree = "<group>";
		};
		1B1F31D5E9A795732F1A81D9 /* Frameworks */ = {
			isa = PBXGroup;
			children = (
				7D7704D5D0B9840EFE97894D /* ApplicationServices.framework */,
				828A4A94A98F0E83E2A32AFB /* IOKit.framework */,
			);
			name = Frameworks;
			sourceTree = "<group>";
		};
		441BF4DD847F371007DC75A0 /* Resources */ = {
			isa = PBXGroup;
			children = (
				CC9D2243B8DACB27011CF4AF /* Info.plist */,
			);
			path = Resources;
			sourceTree = "<group>";
		};
		47E3C82BAAF2D5098442A285 /* WakeyWakey */ = {
			isa = PBXGroup;
			children = (
				C0D64C68669D51B0771B3ED7 /* AppDelegate.swift */,
				B3EA11476323F08F82D96245 /* Assets.xcassets */,
				CEBAD3A0B21C72020D62F763 /* CLIServer.swift */,
				49B6AF252A4920E06688E12E /* EnabledSession.swift */,
				4E44A496F755D00B2D18880C /* EnableUntilMenuItemView.swift */,
				E3DCD8A30059F7035F5B6614 /* EnableUntilParser.swift */,
				C5A806F8615883C35702E707 /* main.swift */,
				DFB9C1138E0818261130A6D0 /* PowerAssertionController.swift */,
				52B107ADF252759044F85862 /* PowerPlan.swift */,
				35E53AAACA31BB5DC25D1CF0 /* Schedule.swift */,
				6BB805F4F5CADB7C94717775 /* Settings.swift */,
				441BF4DD847F371007DC75A0 /* Resources */,
				17C2F78F9D1E1D76AAED9ACD /* Settings */,
			);
			path = WakeyWakey;
			sourceTree = "<group>";
		};
		6A10D9366AAA8444DD3E55A0 /* WakeyWakeyTests */ = {
			isa = PBXGroup;
			children = (
				AC366A16608EFDF5BFB28D86 /* CLIModeArgumentTests.swift */,
				0F37C3352B9066EF92F09EF7 /* DurationParserTests.swift */,
				D1E364CA57B87127B03F73B3 /* EnabledSessionTests.swift */,
				BB80D6ACE262FB656E3EAA1F /* EnableUntilParserTests.swift */,
				A1662C3C06BAE32D9424CE06 /* PowerAssertionControllerTests.swift */,
				8AB4451BECBC9C6B5A1ACD65 /* PowerPlanTests.swift */,
				57AAB14ADC1A97FD9C081E60 /* ScheduleTests.swift */,
			);
			path = WakeyWakeyTests;
			sourceTree = "<group>";
		};
		8019BA10E0D459FD338B6F18 /* wakey */ = {
			isa = PBXGroup;
			children = (
				FE0AD481EB0318A0BF907382 /* main.swift */,
			);
			path = wakey;
			sourceTree = "<group>";
		};
		FDB0CEA8C27BD29DEDC7BD92 /* Shared */ = {
			isa = PBXGroup;
			children = (
				65BFD50E3AD452324C560B64 /* CLIModeArgument.swift */,
				101DFDFC005409DCEAB38237 /* DurationParser.swift */,
			);
			path = Shared;
			sourceTree = "<group>";
		};
		FFA11EE321A88F29815FE318 = {
			isa = PBXGroup;
			children = (
				FDB0CEA8C27BD29DEDC7BD92 /* Shared */,
				8019BA10E0D459FD338B6F18 /* wakey */,
				47E3C82BAAF2D5098442A285 /* WakeyWakey */,
				6A10D9366AAA8444DD3E55A0 /* WakeyWakeyTests */,
				1B1F31D5E9A795732F1A81D9 /* Frameworks */,
				0FCC89E3BDE66358F8A02D61 /* Products */,
			);
			sourceTree = "<group>";
		};
/* End PBXGroup section */

/* Begin PBXNativeTarget section */
		8DB545BFA7D4E4BA74ABFDE9 /* WakeyWakeyTests */ = {
			isa = PBXNativeTarget;
			buildConfigurationList = B226383835BAF0EED612316E /* Build configuration list for PBXNativeTarget "WakeyWakeyTests" */;
			buildPhases = (
				8FB9C746EC25E6833EA564BC /* Sources */,
			);
			buildRules = (
			);
			dependencies = (
			);
			name = WakeyWakeyTests;
			packageProductDependencies = (
			);
			productName = WakeyWakeyTests;
			productReference = 0B1863571A98CB33C46F5427 /* WakeyWakeyTests.xctest */;
			productType = "com.apple.product-type.bundle.unit-test";
		};
		959893DAA5428FA6C8DAA3F9 /* WakeyWakey */ = {
			isa = PBXNativeTarget;
			buildConfigurationList = 26A22D7C7DD7A336A6050E55 /* Build configuration list for PBXNativeTarget "WakeyWakey" */;
			buildPhases = (
				F3D45F0C0EF5C2694564EEF9 /* Sources */,
				DCC2D4CE4BCDC1109CA895DA /* Resources */,
				B7FA2FBCD72803697B2C2ABF /* Frameworks */,
			);
			buildRules = (
			);
			dependencies = (
			);
			name = WakeyWakey;
			packageProductDependencies = (
			);
			productName = WakeyWakey;
			productReference = 22A54044F37C4357AE4210DB /* WakeyWakey.app */;
			productType = "com.apple.product-type.application";
		};
		ECA4812E6C72EE454613B3DC /* wakey */ = {
			isa = PBXNativeTarget;
			buildConfigurationList = B33704AB362CC94843879883 /* Build configuration list for PBXNativeTarget "wakey" */;
			buildPhases = (
				9D9C6F270575B6CFDED89A1D /* Sources */,
			);
			buildRules = (
			);
			dependencies = (
			);
			name = wakey;
			packageProductDependencies = (
			);
			productName = wakey;
			productReference = A91BE3AA8EC8CD6835C32F79 /* wakey */;
			productType = "com.apple.product-type.tool";
		};
/* End PBXNativeTarget section */

/* Begin PBXProject section */
		B193637BB76BDC75BE9142F8 /* Project object */ = {
			isa = PBXProject;
			attributes = {
				BuildIndependentTargetsInParallel = YES;
				LastUpgradeCheck = 1430;
				TargetAttributes = {
					8DB545BFA7D4E4BA74ABFDE9 = {
						DevelopmentTeam = CMFBMNG959;
					};
					959893DAA5428FA6C8DAA3F9 = {
						DevelopmentTeam = CMFBMNG959;
					};
					ECA4812E6C72EE454613B3DC = {
						DevelopmentTeam = CMFBMNG959;
					};
				};
			};
			buildConfigurationList = 6D9056C97CB2626C7CCE9C07 /* Build configuration list for PBXProject "WakeyWakey" */;
			developmentRegion = en;
			hasScannedForEncodings = 0;
			knownRegions = (
				Base,
				en,
			);
			mainGroup = FFA11EE321A88F29815FE318;
			minimizedProjectReferenceProxies = 1;
			preferredProjectObjectVersion = 77;
			productRefGroup = 0FCC89E3BDE66358F8A02D61 /* Products */;
			projectDirPath = "";
			projectRoot = "";
			targets = (
				959893DAA5428FA6C8DAA3F9 /* WakeyWakey */,
				ECA4812E6C72EE454613B3DC /* wakey */,
				8DB545BFA7D4E4BA74ABFDE9 /* WakeyWakeyTests */,
			);
		};
/* End PBXProject section */

/* Begin PBXResourcesBuildPhase section */
		DCC2D4CE4BCDC1109CA895DA /* Resources */ = {
			isa = PBXResourcesBuildPhase;
			buildActionMask = 2147483647;
			files = (
				9D2385C1AD92535ECD95B9FC /* Assets.xcassets in Resources */,
			);
			runOnlyForDeploymentPostprocessing = 0;
		};
/* End PBXResourcesBuildPhase section */

/* Begin PBXSourcesBuildPhase section */
		8FB9C746EC25E6833EA564BC /* Sources */ = {
			isa = PBXSourcesBuildPhase;
			buildActionMask = 2147483647;
			files = (
				BB43753BB6F2A8A75B3B8895 /* CLIModeArgument.swift in Sources */,
				F4E69B30ECF3A5F683E38010 /* CLIModeArgumentTests.swift in Sources */,
				16D9F2AF0EFA90D4BBBC0BC8 /* DurationParser.swift in Sources */,
				31E47E71A5824DB3EDE4EC94 /* DurationParserTests.swift in Sources */,
				E3EC167D15A6C9C6A3AFDF2D /* EnableUntilParser.swift in Sources */,
				0C6D2E40FD3774E553CD64EE /* EnableUntilParserTests.swift in Sources */,
				13B8D8B9487FDED4FDCC90CF /* EnabledSession.swift in Sources */,
				0E9E380E3F397862856A061C /* EnabledSessionTests.swift in Sources */,
				E9C562DFCD07F47A38B89E49 /* PowerAssertionController.swift in Sources */,
				E9A5DFAADBF573AB65C71B34 /* PowerAssertionControllerTests.swift in Sources */,
				0C2E0C05B4831B2264F8B5E2 /* PowerPlan.swift in Sources */,
				02D75B515B0DC59BFC210962 /* PowerPlanTests.swift in Sources */,
				02585082CE2675C06212E4D4 /* Schedule.swift in Sources */,
				4F7913B7864CC25A754CF524 /* ScheduleTests.swift in Sources */,
			);
			runOnlyForDeploymentPostprocessing = 0;
		};
		9D9C6F270575B6CFDED89A1D /* Sources */ = {
			isa = PBXSourcesBuildPhase;
			buildActionMask = 2147483647;
			files = (
				1C28E1D47D0596094CF5CB42 /* CLIModeArgument.swift in Sources */,
				5461AD8F95D4BAD886968441 /* DurationParser.swift in Sources */,
				6FF15F4C8BB56F357B07DF14 /* PowerPlan.swift in Sources */,
				B8FD3855B49C8E0651EC84A5 /* main.swift in Sources */,
			);
			runOnlyForDeploymentPostprocessing = 0;
		};
		F3D45F0C0EF5C2694564EEF9 /* Sources */ = {
			isa = PBXSourcesBuildPhase;
			buildActionMask = 2147483647;
			files = (
				0D02628B0E56F42A4CC5449D /* AppDelegate.swift in Sources */,
				2CFF5CDC7244D2B0A86C773F /* CLIModeArgument.swift in Sources */,
				07A37E154EC2ED4FDB44DC4F /* CLIServer.swift in Sources */,
				921D3E4033EF085ECB1A9F2B /* DurationParser.swift in Sources */,
				D25A470DB3387661C8EA800D /* EnableUntilMenuItemView.swift in Sources */,
				451D8C082372F597A8466966 /* EnableUntilParser.swift in Sources */,
				73EC5C007234E1032351CF2D /* EnabledSession.swift in Sources */,
				87ED851E4215EE3E24CAC88D /* PowerAssertionController.swift in Sources */,
				757F9C9A478A00118C649EB1 /* PowerPlan.swift in Sources */,
				F47E1E1232344305561AED75 /* Schedule.swift in Sources */,
				298F49DCB88450A41CDBBBA3 /* ScheduleSection.swift in Sources */,
				2635E293BA42012B491F197F /* Settings.swift in Sources */,
				613BBE897A7DC5A945348914 /* SettingsViewController.swift in Sources */,
				0BFF4CA7B69D53DED6753E50 /* SettingsWindowController.swift in Sources */,
				D9B953CBC87564BC63EFCD1A /* main.swift in Sources */,
			);
			runOnlyForDeploymentPostprocessing = 0;
		};
/* End PBXSourcesBuildPhase section */

/* Begin XCBuildConfiguration section */
		1E1EC20615EE60325610FBC0 /* Debug */ = {
			isa = XCBuildConfiguration;
			buildSettings = {
				ARCHS = arm64;
				CODE_SIGN_IDENTITY = "Apple Development";
				CODE_SIGN_STYLE = Automatic;
				COMBINE_HIDPI_IMAGES = YES;
				LD_RUNPATH_SEARCH_PATHS = (
					"$(inherited)",
					"@executable_path/../Frameworks",
				);
				MACOSX_DEPLOYMENT_TARGET = 15.0;
				ONLY_ACTIVE_ARCH = YES;
				PRODUCT_BUNDLE_IDENTIFIER = com.brndnsvr.WakeyWakey.cli;
				SDKROOT = macosx;
			};
			name = Debug;
		};
		460DCAA765FEE5D3D69A7B84 /* Release */ = {
			isa = XCBuildConfiguration;
			buildSettings = {
				BUNDLE_LOADER = "$(TEST_HOST)";
				COMBINE_HIDPI_IMAGES = YES;
				GENERATE_INFOPLIST_FILE = YES;
				LD_RUNPATH_SEARCH_PATHS = (
					"$(inherited)",
					"@executable_path/../Frameworks",
					"@loader_path/../Frameworks",
				);
				MACOSX_DEPLOYMENT_TARGET = 15.0;
				PRODUCT_BUNDLE_IDENTIFIER = com.brndnsvr.WakeyWakeyTests;
				SDKROOT = macosx;
			};
			name = Release;
		};
		4B3ACDD5E40678D5E05CB632 /* Release */ = {
			isa = XCBuildConfiguration;
			buildSettings = {
				ARCHS = arm64;
				ASSETCATALOG_COMPILER_APPICON_NAME = AppIcon;
				CODE_SIGN_IDENTITY = "Developer ID Application";
				CODE_SIGN_INJECT_BASE_ENTITLEMENTS = NO;
				CODE_SIGN_STYLE = Manual;
				COMBINE_HIDPI_IMAGES = YES;
				INFOPLIST_FILE = WakeyWakey/Resources/Info.plist;
				LD_RUNPATH_SEARCH_PATHS = (
					"$(inherited)",
					"@executable_path/../Frameworks",
				);
				MACOSX_DEPLOYMENT_TARGET = 15.0;
				ONLY_ACTIVE_ARCH = NO;
				OTHER_CODE_SIGN_FLAGS = "--timestamp";
				SDKROOT = macosx;
			};
			name = Release;
		};
		510C94F490A3F0EC6810D4CF /* Release */ = {
			isa = XCBuildConfiguration;
			buildSettings = {
				ARCHS = arm64;
				CODE_SIGN_IDENTITY = "Developer ID Application";
				CODE_SIGN_INJECT_BASE_ENTITLEMENTS = NO;
				CODE_SIGN_STYLE = Manual;
				COMBINE_HIDPI_IMAGES = YES;
				LD_RUNPATH_SEARCH_PATHS = (
					"$(inherited)",
					"@executable_path/../Frameworks",
				);
				MACOSX_DEPLOYMENT_TARGET = 15.0;
				ONLY_ACTIVE_ARCH = NO;
				OTHER_CODE_SIGN_FLAGS = "--timestamp";
				PRODUCT_BUNDLE_IDENTIFIER = com.brndnsvr.WakeyWakey.cli;
				SDKROOT = macosx;
			};
			name = Release;
		};
		61C099EE25BE88E5369E2B81 /* Debug */ = {
			isa = XCBuildConfiguration;
			buildSettings = {
				ARCHS = arm64;
				ASSETCATALOG_COMPILER_APPICON_NAME = AppIcon;
				CODE_SIGN_IDENTITY = "Apple Development";
				CODE_SIGN_STYLE = Automatic;
				COMBINE_HIDPI_IMAGES = YES;
				INFOPLIST_FILE = WakeyWakey/Resources/Info.plist;
				LD_RUNPATH_SEARCH_PATHS = (
					"$(inherited)",
					"@executable_path/../Frameworks",
				);
				MACOSX_DEPLOYMENT_TARGET = 15.0;
				ONLY_ACTIVE_ARCH = YES;
				SDKROOT = macosx;
			};
			name = Debug;
		};
		8DA0AE03E3CC236461CE65E5 /* Release */ = {
			isa = XCBuildConfiguration;
			buildSettings = {
				ALWAYS_SEARCH_USER_PATHS = NO;
				ASSETCATALOG_COMPILER_APPICON_NAME = AppIcon;
				CLANG_ANALYZER_NONNULL = YES;
				CLANG_ANALYZER_NUMBER_OBJECT_CONVERSION = YES_AGGRESSIVE;
				CLANG_CXX_LANGUAGE_STANDARD = "gnu++14";
				CLANG_CXX_LIBRARY = "libc++";
				CLANG_ENABLE_MODULES = YES;
				CLANG_ENABLE_OBJC_ARC = YES;
				CLANG_ENABLE_OBJC_WEAK = YES;
				CLANG_WARN_BLOCK_CAPTURE_AUTORELEASING = YES;
				CLANG_WARN_BOOL_CONVERSION = YES;
				CLANG_WARN_COMMA = YES;
				CLANG_WARN_CONSTANT_CONVERSION = YES;
				CLANG_WARN_DEPRECATED_OBJC_IMPLEMENTATIONS = YES;
				CLANG_WARN_DIRECT_OBJC_ISA_USAGE = YES_ERROR;
				CLANG_WARN_DOCUMENTATION_COMMENTS = YES;
				CLANG_WARN_EMPTY_BODY = YES;
				CLANG_WARN_ENUM_CONVERSION = YES;
				CLANG_WARN_INFINITE_RECURSION = YES;
				CLANG_WARN_INT_CONVERSION = YES;
				CLANG_WARN_NON_LITERAL_NULL_CONVERSION = YES;
				CLANG_WARN_OBJC_IMPLICIT_RETAIN_SELF = YES;
				CLANG_WARN_OBJC_LITERAL_CONVERSION = YES;
				CLANG_WARN_OBJC_ROOT_CLASS = YES_ERROR;
				CLANG_WARN_QUOTED_INCLUDE_IN_FRAMEWORK_HEADER = YES;
				CLANG_WARN_RANGE_LOOP_ANALYSIS = YES;
				CLANG_WARN_STRICT_PROTOTYPES = YES;
				CLANG_WARN_SUSPICIOUS_MOVE = YES;
				CLANG_WARN_UNGUARDED_AVAILABILITY = YES_AGGRESSIVE;
				CLANG_WARN_UNREACHABLE_CODE = YES;
				CLANG_WARN__DUPLICATE_METHOD_MATCH = YES;
				COPY_PHASE_STRIP = NO;
				DEAD_CODE_STRIPPING = YES;
				DEBUG_INFORMATION_FORMAT = "dwarf-with-dsym";
				DEVELOPMENT_TEAM = CMFBMNG959;
				ENABLE_HARDENED_RUNTIME = YES;
				ENABLE_NS_ASSERTIONS = NO;
				ENABLE_STRICT_OBJC_MSGSEND = YES;
				ENABLE_USER_SCRIPT_SANDBOXING = YES;
				GCC_C_LANGUAGE_STANDARD = gnu11;
				GCC_NO_COMMON_BLOCKS = YES;
				GCC_WARN_64_TO_32_BIT_CONVERSION = YES;
				GCC_WARN_ABOUT_RETURN_TYPE = YES_ERROR;
				GCC_WARN_UNDECLARED_SELECTOR = YES;
				GCC_WARN_UNINITIALIZED_AUTOS = YES_AGGRESSIVE;
				GCC_WARN_UNUSED_FUNCTION = YES;
				GCC_WARN_UNUSED_VARIABLE = YES;
				MACOSX_DEPLOYMENT_TARGET = 15.0;
				MTL_ENABLE_DEBUG_INFO = NO;
				MTL_FAST_MATH = YES;
				PRODUCT_BUNDLE_IDENTIFIER = com.brndnsvr.WakeyWakey;
				PRODUCT_NAME = "$(TARGET_NAME)";
				SDKROOT = macosx;
				SWIFT_COMPILATION_MODE = wholemodule;
				SWIFT_OPTIMIZATION_LEVEL = "-O";
				SWIFT_VERSION = 5.1;
			};
			name = Release;
		};
		93C5B4ACD384E1B288BD1919 /* Debug */ = {
			isa = XCBuildConfiguration;
			buildSettings = {
				BUNDLE_LOADER = "$(TEST_HOST)";
				COMBINE_HIDPI_IMAGES = YES;
				GENERATE_INFOPLIST_FILE = YES;
				LD_RUNPATH_SEARCH_PATHS = (
					"$(inherited)",
					"@executable_path/../Frameworks",
					"@loader_path/../Frameworks",
				);
				MACOSX_DEPLOYMENT_TARGET = 15.0;
				PRODUCT_BUNDLE_IDENTIFIER = com.brndnsvr.WakeyWakeyTests;
				SDKROOT = macosx;
			};
			name = Debug;
		};
		EA06A1C4929A71547613B946 /* Debug */ = {
			isa = XCBuildConfiguration;
			buildSettings = {
				ALWAYS_SEARCH_USER_PATHS = NO;
				ASSETCATALOG_COMPILER_APPICON_NAME = AppIcon;
				CLANG_ANALYZER_NONNULL = YES;
				CLANG_ANALYZER_NUMBER_OBJECT_CONVERSION = YES_AGGRESSIVE;
				CLANG_CXX_LANGUAGE_STANDARD = "gnu++14";
				CLANG_CXX_LIBRARY = "libc++";
				CLANG_ENABLE_MODULES = YES;
				CLANG_ENABLE_OBJC_ARC = YES;
				CLANG_ENABLE_OBJC_WEAK = YES;
				CLANG_WARN_BLOCK_CAPTURE_AUTORELEASING = YES;
				CLANG_WARN_BOOL_CONVERSION = YES;
				CLANG_WARN_COMMA = YES;
				CLANG_WARN_CONSTANT_CONVERSION = YES;
				CLANG_WARN_DEPRECATED_OBJC_IMPLEMENTATIONS = YES;
				CLANG_WARN_DIRECT_OBJC_ISA_USAGE = YES_ERROR;
				CLANG_WARN_DOCUMENTATION_COMMENTS = YES;
				CLANG_WARN_EMPTY_BODY = YES;
				CLANG_WARN_ENUM_CONVERSION = YES;
				CLANG_WARN_INFINITE_RECURSION = YES;
				CLANG_WARN_INT_CONVERSION = YES;
				CLANG_WARN_NON_LITERAL_NULL_CONVERSION = YES;
				CLANG_WARN_OBJC_IMPLICIT_RETAIN_SELF = YES;
				CLANG_WARN_OBJC_LITERAL_CONVERSION = YES;
				CLANG_WARN_OBJC_ROOT_CLASS = YES_ERROR;
				CLANG_WARN_QUOTED_INCLUDE_IN_FRAMEWORK_HEADER = YES;
				CLANG_WARN_RANGE_LOOP_ANALYSIS = YES;
				CLANG_WARN_STRICT_PROTOTYPES = YES;
				CLANG_WARN_SUSPICIOUS_MOVE = YES;
				CLANG_WARN_UNGUARDED_AVAILABILITY = YES_AGGRESSIVE;
				CLANG_WARN_UNREACHABLE_CODE = YES;
				CLANG_WARN__DUPLICATE_METHOD_MATCH = YES;
				COPY_PHASE_STRIP = NO;
				DEAD_CODE_STRIPPING = YES;
				DEBUG_INFORMATION_FORMAT = dwarf;
				DEVELOPMENT_TEAM = CMFBMNG959;
				ENABLE_HARDENED_RUNTIME = YES;
				ENABLE_STRICT_OBJC_MSGSEND = YES;
				ENABLE_TESTABILITY = YES;
				ENABLE_USER_SCRIPT_SANDBOXING = YES;
				GCC_C_LANGUAGE_STANDARD = gnu11;
				GCC_DYNAMIC_NO_PIC = NO;
				GCC_NO_COMMON_BLOCKS = YES;
				GCC_OPTIMIZATION_LEVEL = 0;
				GCC_PREPROCESSOR_DEFINITIONS = (
					"$(inherited)",
					"DEBUG=1",
				);
				GCC_WARN_64_TO_32_BIT_CONVERSION = YES;
				GCC_WARN_ABOUT_RETURN_TYPE = YES_ERROR;
				GCC_WARN_UNDECLARED_SELECTOR = YES;
				GCC_WARN_UNINITIALIZED_AUTOS = YES_AGGRESSIVE;
				GCC_WARN_UNUSED_FUNCTION = YES;
				GCC_WARN_UNUSED_VARIABLE = YES;
				MACOSX_DEPLOYMENT_TARGET = 15.0;
				MTL_ENABLE_DEBUG_INFO = INCLUDE_SOURCE;
				MTL_FAST_MATH = YES;
				ONLY_ACTIVE_ARCH = YES;
				PRODUCT_BUNDLE_IDENTIFIER = com.brndnsvr.WakeyWakey;
				PRODUCT_NAME = "$(TARGET_NAME)";
				SDKROOT = macosx;
				SWIFT_ACTIVE_COMPILATION_CONDITIONS = DEBUG;
				SWIFT_OPTIMIZATION_LEVEL = "-Onone";
				SWIFT_VERSION = 5.1;
			};
			name = Debug;
		};
/* End XCBuildConfiguration section */

/* Begin XCConfigurationList section */
		26A22D7C7DD7A336A6050E55 /* Build configuration list for PBXNativeTarget "WakeyWakey" */ = {
			isa = XCConfigurationList;
			buildConfigurations = (
				61C099EE25BE88E5369E2B81 /* Debug */,
				4B3ACDD5E40678D5E05CB632 /* Release */,
			);
			defaultConfigurationIsVisible = 0;
			defaultConfigurationName = Debug;
		};
		6D9056C97CB2626C7CCE9C07 /* Build configuration list for PBXProject "WakeyWakey" */ = {
			isa = XCConfigurationList;
			buildConfigurations = (
				EA06A1C4929A71547613B946 /* Debug */,
				8DA0AE03E3CC236461CE65E5 /* Release */,
			);
			defaultConfigurationIsVisible = 0;
			defaultConfigurationName = Debug;
		};
		B226383835BAF0EED612316E /* Build configuration list for PBXNativeTarget "WakeyWakeyTests" */ = {
			isa = XCConfigurationList;
			buildConfigurations = (
				93C5B4ACD384E1B288BD1919 /* Debug */,
				460DCAA765FEE5D3D69A7B84 /* Release */,
			);
			defaultConfigurationIsVisible = 0;
			defaultConfigurationName = Debug;
		};
		B33704AB362CC94843879883 /* Build configuration list for PBXNativeTarget "wakey" */ = {
			isa = XCConfigurationList;
			buildConfigurations = (
				1E1EC20615EE60325610FBC0 /* Debug */,
				510C94F490A3F0EC6810D4CF /* Release */,
			);
			defaultConfigurationIsVisible = 0;
			defaultConfigurationName = Debug;
		};
/* End XCConfigurationList section */
	};
	rootObject = B193637BB76BDC75BE9142F8 /* Project object */;
}
